
Microsoft Visual Studio Solution File, Format Version 12.00
# Visual Studio Version 17
VisualStudioVersion = 17.5.002.0
MinimumVisualStudioVersion = 10.0.40219.1
Project("{9A19103F-16F7-4668-BE54-9A1E7A4F7556}") = "B+ Stablo", "B+ Stablo.csproj", "{B22F68E1-96A6-4C02-8EA1-FFC0D701AE9C}"
EndProject
Global
	GlobalSection(SolutionConfigurationPlatforms) = preSolution
		Debug|Any CPU = Debug|Any CPU
		Release|Any CPU = Release|Any CPU
	EndGlobalSection
	GlobalSection(ProjectConfigurationPlatforms) = postSolution
		{B22F68E1-96A6-4C02-8EA1-FFC0D701AE9C}.Debug|Any CPU.ActiveCfg = Debug|Any CPU
		{B22F68E1-96A6-4C02-8EA1-FFC0D701AE9C}.Debug|Any CPU.Build.0 = Debug|Any CPU
		{B22F68E1-96A6-4C02-8EA1-FFC0D701AE9C}.Release|Any CPU.ActiveCfg = Release|Any CPU
		{B22F68E1-96A6-4C02-8EA1-FFC0D701AE9C}.Release|Any CPU.Build.0 = Release|Any CPU
	EndGlobalSection
	GlobalSection(SolutionProperties) = preSolution
		HideSolutionNode = FALSE
	EndGlobalSection
	GlobalSection(ExtensibilityGlobals) = postSolution
		SolutionGuid = {F6AB358C-1369-4F3B-982D-584395831E55}
	EndGlobalSection
EndGlobal
